github.com/davecgh/go-spew v1.1.2-0.20180830191138-d8f796af33cc h1:U9qPSI2PIWSS1VwoXQT9A3Wy9MM3WgvqSxFWenqJduM=
github.com/davecgh/go-spew v1.1.2-0.20180830191138-d8f796af33cc/go.mod h1:J7Y8YcW2NihsgmVo/mv3lAwl/skON4iLHjSsI+c5H38=
github.com/go-quicktest/qt v1.102.0 h1:HSQxCeh5YZH3EL3W39ixjtyaEhcWSXQHtHnMBzSs474=
github.com/go-quicktest/qt v1.102.0/go.mod h1:p4lGIVX+8Wa6ZPNDvqcxq36XpUDLh42FLetFU7odllI=
github.com/google/go-cmp v0.7.0 h1:wk8382ETsv4JYUZwIsn6YpYiWiBsYLSJiTsyBybVuN8=
github.com/google/go-cmp v0.7.0/go.mod h1:pXiqmnSA92OHEEa9HXL2W4E7lf9JzCmGVUdgjX3N/iU=
github.com/innoai-tech/infra v0.0.0-20260821062119-07c2f21e615d h1:++EpEqhM+nt4L9rXAs5ElutuWTXLkn1A9Krhdc62mmE=
github.com/innoai-tech/infra v0.0.0-20260821062119-07c2f21e615d/go.mod h1:2nrpvcvc8DUIA6ksXUp3B75M2rCebu9uiqZFngSV/LA=
github.com/kr/pretty v0.3.1 h1:flRD4NNwYAUpkphVc1HcthR4KEIFJ65n8Mw5qdRn3LE=
github.com/kr/pretty v0.3.1/go.mod h1:hoEshYVHaxMs3cyo3Yncou5ZscifuDolrwPKZanG3xk=
github.com/kr/text v0.2.0 h1:5Nx0Ya0ZqY2ygV366QzturHI13Jq95ApcVaJBhpS+AY=
github.com/kr/text v0.2.0/go.mod h1:eLer722TekiGuMkidMxC/pM04lWEeraHUUmBw8l2grE=
github.com/lestrrat-go/dsig v1.4.0 h1:g7LUjK8cT74A5DzBXJI5HzsJuLhoYN0Wzj4nuOMIrH8=
github.com/lestrrat-go/dsig v1.4.0/go.mod h1:I8Nddg/vN2cUl/h8N7SRRApLnNNeyZPIqLYpvpOtGGo=
github.com/lestrrat-go/jwx/v4 v4.4.0 h1:CzoK8+u++WF7vVEmxx9fB8VaheeXWZ698F6HZbrl6SI=
github.com/lestrrat-go/jwx/v4 v4.4.0/go.mod h1:65utsGK/iSrjgGfu6iqj/TAvSfia6SSXkRpjHcKcTyg=
github.com/lestrrat-go/option/v3 v3.0.0-alpha1 h1:dvdzLwm/Ba5CJUF3jQP7w/iNYSLfy7yyh9XXNa1WjxI=
github.com/lestrrat-go/option/v3 v3.0.0-alpha1/go.mod h1:5KSg20dfsKkNJtjDmaQRLZVXuUrzuCCcz/gbDK0pfKk=
github.com/octohelm/courier v0.0.0-20260821055841-599d41f49f0b h1:D4O2gz2TlVFDKeOoPY2HRGbkkkUsN/Gx0Y2Q94SO8NU=
github.com/octohelm/courier v0.0.0-20260821055841-599d41f49f0b/go.mod h1:1yDs+bJ/dmEy1SUZJ0QoFOopxd2khKrbDK42RMwQ3ek=
github.com/octohelm/enumeration v0.0.0-20260508105338-2e799c70cf82 h1:SlFG0Lzfuj8oWq4r/c0BxpL7Ot/GlwnMi6GSK8F29cA=
github.com/octohelm/enumeration v0.0.0-20260508105338-2e799c70cf82/go.mod h1:P3PfoQVyTvvgsW4d7RLWLa/aYvuuhBiv5mU4bebRcMU=
github.com/octohelm/gengo v0.0.0-20260821034500-ef88841eb5e4 h1:E7X3tPUCJhtesTKK1exGuqz5OH8lx/Ipy2Fs2yprRnQ=
github.com/octohelm/gengo v0.0.0-20260821034500-ef88841eb5e4/go.mod h1:Z3vH+XdxuyCD3HCOMSrhfxyMKgrMr/M87IYG8P+ik5Y=
github.com/octohelm/idx v0.0.0-20260429083346-2b418d5920c7 h1:OaLjhyBbJUxTftd5Y+uF68VftxkYp252Z7LbIrkNTEk=
github.com/octohelm/idx v0.0.0-20260429083346-2b418d5920c7/go.mod h1:e8mYfhdxxhFP3tWsXWd+XP4fVP2nCno4mhie4daAzdo=
github.com/octohelm/objectkind v0.0.0-20260821082019-f71f03d0c82d h1:Ppb43luv9UOeeCOOqBXTRYjcrNdqt7f2LqljwQiKgao=
github.com/octohelm/objectkind v0.0.0-20260821082019-f71f03d0c82d/go.mod h1:FHQZSZCGQLYMhg1VvYdZoY7sp2qQ2omy2Fzh1P4PfMA=
github.com/octohelm/storage v0.0.0-20260821081216-a6a0cf08d655 h1:S1M35UT3Pb+XNIu/IJ28lGp4VYycR6OwhUxxZNGgm0E=
github.com/octohelm/storage v0.0.0-20260821081216-a6a0cf08d655/go.mod h1:jYGVp5orTVu/Gu6XMhD5BxGAbHyfLhuiHzWkooNLNEM=
github.com/octohelm/x v0.0.0-20260821032215-38f48df07f8c h1:i9FPhKbg70ow8SZDo15D28F1SxUWB3dImlmwk82Lx0M=
github.com/octohelm/x v0.0.0-20260821032215-38f48df07f8c/go.mod h1:tBt/TeGugLTrIiR4cnrf3OQ9E/QkFHWNCwJQzcvbc00=
github.com/rogpeppe/go-internal v1.15.0 h1:D0RCU5rMAp+SpgkiNdrjfJ+LX4J1M32V2NeCY7EJ6hc=
github.com/rogpeppe/go-internal v1.15.0/go.mod h1:DrUVZyrJU+txYW5/1kwtXQSMFio52ZOxX7yM1VHvnxs=
github.com/stretchr/testify v1.12.0 h1:K6Mr6jO9JICuend/5xzTM03ydSV3vdNRYAdPSukj8uI=
github.com/stretchr/testify v1.12.0/go.mod h1:bOYBZb5qJ00vPzWfIqBUZPaxK8jWiXc6d3ErP4Ca9Gw=
github.com/valyala/fastjson v1.6.10 h1:/yjJg8jaVQdYR3arGxPE2X5z89xrlhS0eGXdv+ADTh4=
github.com/valyala/fastjson v1.6.10/go.mod h1:e6FubmQouUNP73jtMLmcbxS6ydWIpOfhz34TSfO3JaE=
golang.org/x/crypto v0.55.0 h1:+KWHjbgOaAQ66dh/YlkZKHlz9ZUlq61AFirAR9ntP8M=
golang.org/x/crypto v0.55.0/go.mod h1:uq0V9dE/fzQuJtbnL+2EhWOE63vo164FY8xqEnV9xis=
golang.org/x/mod v0.40.0 h1:hUv+3cXcdRHz08UmSiOob7sadHig73uo5bkXxQ/tvUs=
golang.org/x/mod v0.40.0/go.mod h1:0/weTWkPWGBikyTWAX3dkjVztMmBA5hM0DH6BElSupE=
golang.org/x/net v0.58.0 h1:ynWG7rqYi4ccpTEuPZ2QGWHktVEM9DMCj9yzDE0Q7To=
golang.org/x/net v0.58.0/go.mod h1:YwCddHnFlT7eLQqVprV19OnhLGtc5xOKgE0RyqgfWAU=
golang.org/x/sync v0.22.0 h1:SZjpbeLmrCk4xhRSZFNZW5gFUeCeFgjekvI/+gfScek=
golang.org/x/sync v0.22.0/go.mod h1:9xrNwdLfx4jkKbNva9FpL6vEN7evnE43NNNJQ2LF3+0=
golang.org/x/sys v0.47.0 h1:o7XGOvZQCADBQQ4Y7VNq2dRWQR7JmOUW8Kxx4ZsNgWs=
golang.org/x/sys v0.47.0/go.mod h1:4GL1E5IUh+htKOUEOaiffhrAeqysfVGipDYzABqnCmw=
golang.org/x/text v0.41.0 h1:vz/seA0lnX87Othu2f/0L24RcgrXD9/YFTSuGjj3rH8=
golang.org/x/text v0.41.0/go.mod h1:jvf1O8ajNzZqhSrQBPbutR/EB83Cc0CFrezNQIwbb5M=
golang.org/x/tools v0.49.0 h1:3NI7VXzL9+1WZD52Dx2ttoPwD5DWrFGpl9mFZDlmisI=
golang.org/x/tools v0.49.0/go.mod h1:SJNXV9DBKT0UbdttsQjbfJlAE/q+y36++zo3uL3N0Oo=
gopkg.in/yaml.v3 v3.0.1 h1:fxVm/GzAzEWqLHuvctI91KS9hhNmmWOoWu0XTYJS7CA=
gopkg.in/yaml.v3 v3.0.1/go.mod h1:K4uyk7z7BCEPqu6E+C64Yfv1cQ7kz7rIZviUmN+EgEM=
mvdan.cc/gofumpt v0.11.0 h1:0H01XB95PnN2QgCSR9ELdZyTlJqNZ7181B0BTMh5VZc=
mvdan.cc/gofumpt v0.11.0/go.mod h1:BeT5wCsOJt6J9zT2MZIOGszjUHzFkn1/l9g6xAzqsXo=
